
Microsoft Visual Studio Solution File, Format Version 12.00
# Visual Studio Version 17
VisualStudioVersion = 17.7.34024.191
MinimumVisualStudioVersion = 10.0.40219.1
Project("{9A19103F-16F7-4668-BE54-9A1E7A4F7556}") = "ConsoleApp1", "ConsoleApp1\ConsoleApp1.csproj", "{2BDDFDA5-35C5-45EA-AE5D-06E65D37277D}"
EndProject
Global
	GlobalSection(SolutionConfigurationPlatforms) = preSolution
		Debug|Any CPU = Debug|Any CPU
		Release|Any CPU = Release|Any CPU
	EndGlobalSection
	GlobalSection(ProjectConfigurationPlatforms) = postSolution
		{2BDDFDA5-35C5-45EA-AE5D-06E65D37277D}.Debug|Any CPU.ActiveCfg = Debug|Any CPU
		{2BDDFDA5-35C5-45EA-AE5D-06E65D37277D}.Debug|Any CPU.Build.0 = Debug|Any CPU
		{2BDDFDA5-35C5-45EA-AE5D-06E65D37277D}.Release|Any CPU.ActiveCfg = Release|Any CPU
		{2BDDFDA5-35C5-45EA-AE5D-06E65D37277D}.Release|Any CPU.Build.0 = Release|Any CPU
	EndGlobalSection
	GlobalSection(SolutionProperties) = preSolution
		HideSolutionNode = FALSE
	EndGlobalSection
	GlobalSection(ExtensibilityGlobals) = postSolution
		SolutionGuid = {97B2E524-A802-40D4-8E5B-E5486A41259E}
	EndGlobalSection
EndGlobal
